
Microsoft Visual Studio Solution File, Format Version 12.00
# Visual Studio Version 16
VisualStudioVersion = 16.0.29920.165
MinimumVisualStudioVersion = 10.0.40219.1
Project("{FAE04EC0-301F-11D3-BF4B-00C04F79EFBC}") = "Tehtava5", "Tehtava5\Tehtava5.csproj", "{FFBFC12C-DBED-46F2-A957-A862E7CBF9D5}"
EndProject
Global
	GlobalSection(SolutionConfigurationPlatforms) = preSolution
		Debug|Any CPU = Debug|Any CPU
		Release|Any CPU = Release|Any CPU
	EndGlobalSection
	GlobalSection(ProjectConfigurationPlatforms) = postSolution
		{FFBFC12C-DBED-46F2-A957-A862E7CBF9D5}.Debug|Any CPU.ActiveCfg = Debug|Any CPU
		{FFBFC12C-DBED-46F2-A957-A862E7CBF9D5}.Debug|Any CPU.Build.0 = Debug|Any CPU
		{FFBFC12C-DBED-46F2-A957-A862E7CBF9D5}.Release|Any CPU.ActiveCfg = Release|Any CPU
		{FFBFC12C-DBED-46F2-A957-A862E7CBF9D5}.Release|Any CPU.Build.0 = Release|Any CPU
	EndGlobalSection
	GlobalSection(SolutionProperties) = preSolution
		HideSolutionNode = FALSE
	EndGlobalSection
	GlobalSection(ExtensibilityGlobals) = postSolution
		SolutionGuid = {614D161B-868A-4742-882F-A6D1EAB8F8F6}
	EndGlobalSection
EndGlobal
